// !$*UTF8*$!
{
	archiveVersion = 1;
	classes = {
	};
	objectVersion = 46;
	objects = {

/* Begin PBXBuildFile section */
		4AFA70AE1E9CC8FF0049674B /* AppDelegate.swift in Sources */ = {isa = PBXBuildFile; fileRef = 4AFA70AD1E9CC8FF0049674B /* AppDelegate.swift */; };
		4AFA70B01E9CC8FF0049674B /* ViewController.swift in Sources */ = {isa = PBXBuildFile; fileRef = 4AFA70AF1E9CC8FF0049674B /* ViewController.swift */; };
		4AFA70B31E9CC8FF0049674B /* Main.storyboard in Resources */ = {isa = PBXBuildFile; fileRef = 4AFA70B11E9CC8FF0049674B /* Main.storyboard */; };
		4AFA70B51E9CC8FF0049674B /* Assets.xcassets in Resources */ = {isa = PBXBuildFile; fileRef = 4AFA70B41E9CC8FF0049674B /* Assets.xcassets */; };
		4AFA70B81E9CC8FF0049674B /* LaunchScreen.storyboard in Resources */ = {isa = PBXBuildFile; fileRef = 4AFA70B61E9CC8FF0049674B /* LaunchScreen.storyboard */; };
/* End PBXBuildFile section */

/* Begin PBXFileReference section */
		4AFA70AA1E9CC8FF0049674B /* SimpleTableDemo.app */ = {isa = PBXFileReference; explicitFileType = wrapper.application; includeInIndex = 0; path = SimpleTableDemo.app; sourceTree = BUILT_PRODUCTS_DIR; };
		4AFA70AD1E9CC8FF0049674B /* AppDelegate.swift */ = {isa = PBXFileReference; lastKnownFileType = sourcecode.swift; path = AppDelegate.swift; sourceTree = "<group>"; };
		4AFA70AF1E9CC8FF0049674B /* ViewController.swift */ = {isa = PBXFileReference; lastKnownFileType = sourcecode.swift; path = ViewController.swift; sourceTree = "<group>"; };
		4AFA70B21E9CC8FF0049674B /* Base */ = {isa = PBXFileReference; lastKnownFileType = file.storyboard; name = Base; path = Base.lproj/Main.storyboard; sourceTree = "<group>"; };
		4AFA70B41E9CC8FF0049674B /* Assets.xcassets */ = {isa = PBXFileReference; lastKnownFileType = folder.assetcatalog; path = Assets.xcassets; sourceTree = "<group>"; };
		4AFA70B71E9CC8FF0049674B /* Base */ = {isa = PBXFileReference; lastKnownFileType = file.storyboard; name = Base; path = Base.lproj/LaunchScreen.storyboard; sourceTree = "<group>"; };
		4AFA70B91E9CC8FF0049674B /* Info.plist */ = {isa = PBXFileReference; lastKnownFileType = text.plist.xml; path = Info.plist; sourceTree = "<group>"; };
/* End PBXFileReference section */

/* Begin PBXFrameworksBuildPhase section */
		4AFA70A71E9CC8FF0049674B /* Frameworks */ = {
			isa = PBXFrameworksBuildPhase;
			buildActionMask = 2147483647;
			files = (
			);
			runOnlyForDeploymentPostprocessing = 0;
		};
/* End PBXFrameworksBuildPhase section */

/* Begin PBXGroup section */
		4AFA70A11E9CC8FF0049674B = {
			isa = PBXGroup;
			children = (
				4AFA70AC1E9CC8FF0049674B /* SimpleTableDemo */,
				4AFA70AB1E9CC8FF0049674B /* Products */,
			);
			sourceTree = "<group>";
		};
		4AFA70AB1E9CC8FF0049674B /* Products */ = {
			isa = PBXGroup;
			children = (
				4AFA70AA1E9CC8FF0049674B /* SimpleTableDemo.app */,
			);
			name = Products;
			sourceTree = "<group>";
		};
		4AFA70AC1E9CC8FF0049674B /* SimpleTableDemo */ = {
			isa = PBXGroup;
			children = (
				4AFA70AD1E9CC8FF0049674B /* AppDelegate.swift */,
				4AFA70AF1E9CC8FF0049674B /* ViewController.swift */,
				4AFA70B11E9CC8FF0049674B /* Main.storyboard */,
				4AFA70B41E9CC8FF0049674B /* Assets.xcassets */,
				4AFA70B61E9CC8FF0049674B /* LaunchScreen.storyboard */,
				4AFA70B91E9CC8FF0049674B /* Info.plist */,
			);
			path = SimpleTableDemo;
			sourceTree = "<group>";
		};
/* End PBXGroup section */

/* Begin PBXNativeTarget section */
		4AFA70A91E9CC8FF0049674B /* SimpleTableDemo */ = {
			isa = PBXNativeTarget;
			buildConfigurationList = 4AFA70BC1E9CC8FF0049674B /* Build configuration list for PBXNativeTarget "SimpleTableDemo" */;
			buildPhases = (
				4AFA70A61E9CC8FF0049674B /* Sources */,
				4AFA70A71E9CC8FF0049674B /* Frameworks */,
				4AFA70A81E9CC8FF0049674B /* Resources */,
			);
			buildRules = (
			);
			dependencies = (
			);
			name = SimpleTableDemo;
			productName = SimpleTableDemo;
			productReference = 4AFA70AA1E9CC8FF0049674B /* SimpleTableDemo.app */;
			productType = "com.apple.product-type.application";
		};
/* End PBXNativeTarget section */

/* Begin PBXProject section */
		4AFA70A21E9CC8FF0049674B /* Project object */ = {
			isa = PBXProject;
			attributes = {
				LastSwiftUpdateCheck = 0830;
				LastUpgradeCheck = 0830;
				ORGANIZATIONNAME = harry;
				TargetAttributes = {
					4AFA70A91E9CC8FF0049674B = {
						CreatedOnToolsVersion = 8.3.1;
						DevelopmentTeam = K3E2M9U82B;
						ProvisioningStyle = Automatic;
					};
				};
			};
			buildConfigurationList = 4AFA70A51E9CC8FF0049674B /* Build configuration list for PBXProject "SimpleTableDemo" */;
			compatibilityVersion = "Xcode 3.2";
			developmentRegion = English;
			hasScannedForEncodings = 0;
			knownRegions = (
				en,
				Base,
			);
			mainGroup = 4AFA70A11E9CC8FF0049674B;
			productRefGroup = 4AFA70AB1E9CC8FF0049674B /* Products */;
			projectDirPath = "";
			projectRoot = "";
			targets = (
				4AFA70A91E9CC8FF0049674B /* SimpleTableDemo */,
			);
		};
/* End PBXProject section */

/* Begin PBXResourcesBuildPhase section */
		4AFA70A81E9CC8FF0049674B /* Resources */ = {
			isa = PBXResourcesBuildPhase;
			buildActionMask = 2147483647;
			files = (
				4AFA70B81E9CC8FF0049674B /* LaunchScreen.storyboard in Resources */,
				4AFA70B51E9CC8FF0049674B /* Assets.xcassets in Resources */,
				4AFA70B31E9CC8FF0049674B /* Main.storyboard in Resources */,
			);
			runOnlyForDeploymentPostprocessing = 0;
		};
/* End PBXResourcesBuildPhase section */

/* Begin PBXSourcesBuildPhase section */
		4AFA70A61E9CC8FF0049674B /* Sources */ = {
			isa = PBXSourcesBuildPhase;
			buildActionMask = 2147483647;
			files = (
				4AFA70B01E9CC8FF0049674B /* ViewController.swift in Sources */,
				4AFA70AE1E9CC8FF0049674B /* AppDelegate.swift in Sources */,
			);
			runOnlyForDeploymentPostprocessing = 0;
		};
/* End PBXSourcesBuildPhase section */

/* Begin PBXVariantGroup section */
		4AFA70B11E9CC8FF0049674B /* Main.storyboard */ = {
			isa = PBXVariantGroup;
			children = (
				4AFA70B21E9CC8FF0049674B /* Base */,
			);
			name = Main.storyboard;
			sourceTree = "<group>";
		};
		4AFA70B61E9CC8FF0049674B /* LaunchScreen.storyboard */ = {
			isa = PBXVariantGroup;
			children = (
				4AFA70B71E9CC8FF0049674B /* Base */,
			);
			name = LaunchScreen.storyboard;
			sourceTree = "<group>";
		};
/* End PBXVariantGroup section */

/* Begin XCBuildConfiguration section */
		4AFA70BA1E9CC8FF0049674B /* Debug */ = {
			isa = XCBuildConfiguration;
			buildSettings = {
				ALWAYS_SEARCH_USER_PATHS = NO;
				CLANG_ANALYZER_NONNULL = YES;
				CLANG_ANALYZER_NUMBER_OBJECT_CONVERSION = YES_AGGRESSIVE;
				CLANG_CXX_LANGUAGE_STANDARD = "gnu++0x";
				CLANG_CXX_LIBRARY = "libc++";
				CLANG_ENABLE_MODULES = YES;
				CLANG_ENABLE_OBJC_ARC = YES;
				CLANG_WARN_BOOL_CONVERSION = YES;
				CLANG_WARN_CONSTANT_CONVERSION = YES;
				CLANG_WARN_DIRECT_OBJC_ISA_USAGE = YES_ERROR;
				CLANG_WARN_DOCUMENTATION_COMMENTS = YES;
				CLANG_WARN_EMPTY_BODY = YES;
				CLANG_WARN_ENUM_CONVERSION = YES;
				CLANG_WARN_INFINITE_RECURSION = YES;
				CLANG_WARN_INT_CONVERSION = YES;
				CLANG_WARN_OBJC_ROOT_CLASS = YES_ERROR;
				CLANG_WARN_SUSPICIOUS_MOVE = YES;
				CLANG_WARN_UNREACHABLE_CODE = YES;
				CLANG_WARN__DUPLICATE_METHOD_MATCH = YES;
				"CODE_SIGN_IDENTITY[sdk=iphoneos*]" = "iPhone Developer";
				COPY_PHASE_STRIP = NO;
				DEBUG_INFORMATION_FORMAT = dwarf;
				ENABLE_STRICT_OBJC_MSGSEND = YES;
				ENABLE_TESTABILITY = YES;
				GCC_C_LANGUAGE_STANDARD = gnu99;
				GCC_DYNAMIC_NO_PIC = NO;
				GCC_NO_COMMON_BLOCKS = YES;
				GCC_OPTIMIZATION_LEVEL = 0;
				GCC_PREPROCESSOR_DEFINITIONS = (
					"DEBUG=1",
					"$(inherited)",
				);
				GCC_WARN_64_TO_32_BIT_CONVERSION = YES;
				GCC_WARN_ABOUT_RETURN_TYPE = YES_ERROR;
				GCC_WARN_UNDECLARED_SELECTOR = YES;
				GCC_WARN_UNINITIALIZED_AUTOS = YES_AGGRESSIVE;
				GCC_WARN_UNUSED_FUNCTION = YES;
				GCC_WARN_UNUSED_VARIABLE = YES;
				IPHONEOS_DEPLOYMENT_TARGET = 10.3;
				MTL_ENABLE_DEBUG_INFO = YES;
				ONLY_ACTIVE_ARCH = YES;
				SDKROOT = iphoneos;
				SWIFT_ACTIVE_COMPILATION_CONDITIONS = DEBUG;
				SWIFT_OPTIMIZATION_LEVEL = "-Onone";
			};
			name = Debug;
		};
		4AFA70BB1E9CC8FF0049674B /* Release */ = {
			isa = XCBuildConfiguration;
			buildSettings = {
				ALWAYS_SEARCH_USER_PATHS = NO;
				CLANG_ANALYZER_NONNULL = YES;
				CLANG_ANALYZER_NUMBER_OBJECT_CONVERSION = YES_AGGRESSIVE;
				CLANG_CXX_LANGUAGE_STANDARD = "gnu++0x";
				CLANG_CXX_LIBRARY = "libc++";
				CLANG_ENABLE_MODULES = YES;
				CLANG_ENABLE_OBJC_ARC = YES;
				CLANG_WARN_BOOL_CONVERSION = YES;
				CLANG_WARN_CONSTANT_CONVERSION = YES;
				CLANG_WARN_DIRECT_OBJC_ISA_USAGE = YES_ERROR;
				CLANG_WARN_DOCUMENTATION_COMMENTS = YES;
				CLANG_WARN_EMPTY_BODY = YES;
				CLANG_WARN_ENUM_CONVERSION = YES;
				CLANG_WARN_INFINITE_RECURSION = YES;
				CLANG_WARN_INT_CONVERSION = YES;
				CLANG_WARN_OBJC_ROOT_CLASS = YES_ERROR;
				CLANG_WARN_SUSPICIOUS_MOVE = YES;
				CLANG_WARN_UNREACHABLE_CODE = YES;
				CLANG_WARN__DUPLICATE_METHOD_MATCH = YES;
				"CODE_SIGN_IDENTITY[sdk=iphoneos*]" = "iPhone Developer";
				COPY_PHASE_STRIP = NO;
				DEBUG_INFORMATION_FORMAT = "dwarf-with-dsym";
				ENABLE_NS_ASSERTIONS = NO;
				ENABLE_STRICT_OBJC_MSGSEND = YES;
				GCC_C_LANGUAGE_STANDARD = gnu99;
				GCC_NO_COMMON_BLOCKS = YES;
				GCC_WARN_64_TO_32_BIT_CONVERSION = YES;
				GCC_WARN_ABOUT_RETURN_TYPE = YES_ERROR;
				GCC_WARN_UNDECLARED_SELECTOR = YES;
				GCC_WARN_UNINITIALIZED_AUTOS = YES_AGGRESSIVE;
				GCC_WARN_UNUSED_FUNCTION = YES;
				GCC_WARN_UNUSED_VARIABLE = YES;
				IPHONEOS_DEPLOYMENT_TARGET = 10.3;
				MTL_ENABLE_DEBUG_INFO = NO;
				SDKROOT = iphoneos;
				SWIFT_OPTIMIZATION_LEVEL = "-Owholemodule";
				VALIDATE_PRODUCT = YES;
			};
			name = Release;
		};
		4AFA70BD1E9CC8FF0049674B /* Debug */ = {
			isa = XCBuildConfiguration;
			buildSettings = {
				ASSETCATALOG_COMPILER_APPICON_NAME = AppIcon;
				DEVELOPMENT_TEAM = K3E2M9U82B;
				INFOPLIST_FILE = SimpleTableDemo/Info.plist;
				LD_RUNPATH_SEARCH_PATHS = "$(inherited) @executable_path/Frameworks";
				PRODUCT_BUNDLE_IDENTIFIER = com.harryswift.SimpleTableDemo;
				PRODUCT_NAME = "$(TARGET_NAME)";
				SWIFT_VERSION = 3.0;
			};
			name = Debug;
		};
		4AFA70BE1E9CC8FF0049674B /* Release */ = {
			isa = XCBuildConfiguration;
			buildSettings = {
				ASSETCATALOG_COMPILER_APPICON_NAME = AppIcon;
				DEVELOPMENT_TEAM = K3E2M9U82B;
				INFOPLIST_FILE = SimpleTableDemo/Info.plist;
				LD_RUNPATH_SEARCH_PATHS = "$(inherited) @executable_path/Frameworks";
				PRODUCT_BUNDLE_IDENTIFIER = com.harryswift.SimpleTableDemo;
				PRODUCT_NAME = "$(TARGET_NAME)";
				SWIFT_VERSION = 3.0;
			};
			name = Release;
		};
/* End XCBuildConfiguration section */

/* Begin XCConfigurationList section */
		4AFA70A51E9CC8FF0049674B /* Build configuration list for PBXProject "SimpleTableDemo" */ = {
			isa = XCConfigurationList;
			buildConfigurations = (
				4AFA70BA1E9CC8FF0049674B /* Debug */,
				4AFA70BB1E9CC8FF0049674B /* Release */,
			);
			defaultConfigurationIsVisible = 0;
			defaultConfigurationName = Release;
		};
		4AFA70BC1E9CC8FF0049674B /* Build configuration list for PBXNativeTarget "SimpleTableDemo" */ = {
			isa = XCConfigurationList;
			buildConfigurations = (
				4AFA70BD1E9CC8FF0049674B /* Debug */,
				4AFA70BE1E9CC8FF0049674B /* Release */,
			);
			defaultConfigurationIsVisible = 0;
		};
/* End XCConfigurationList section */
	};
	rootObject = 4AFA70A21E9CC8FF0049674B /* Project object */;
}
